
Microsoft Visual Studio Solution File, Format Version 12.00
# Visual Studio Version 16
VisualStudioVersion = 16.0.30204.135
MinimumVisualStudioVersion = 10.0.40219.1
Project("{FAE04EC0-301F-11D3-BF4B-00C04F79EFBC}") = "DatetimeNowUtcToday", "DatetimeNowUtcToday\DatetimeNowUtcToday.csproj", "{9DBD4521-F901-4F36-88CF-01B61AFA4FB3}"
EndProject
Global
	GlobalSection(SolutionConfigurationPlatforms) = preSolution
		Debug|Any CPU = Debug|Any CPU
		Release|Any CPU = Release|Any CPU
	EndGlobalSection
	GlobalSection(ProjectConfigurationPlatforms) = postSolution
		{9DBD4521-F901-4F36-88CF-01B61AFA4FB3}.Debug|Any CPU.ActiveCfg = Debug|Any CPU
		{9DBD4521-F901-4F36-88CF-01B61AFA4FB3}.Debug|Any CPU.Build.0 = Debug|Any CPU
		{9DBD4521-F901-4F36-88CF-01B61AFA4FB3}.Release|Any CPU.ActiveCfg = Release|Any CPU
		{9DBD4521-F901-4F36-88CF-01B61AFA4FB3}.Release|Any CPU.Build.0 = Release|Any CPU
	EndGlobalSection
	GlobalSection(SolutionProperties) = preSolution
		HideSolutionNode = FALSE
	EndGlobalSection
	GlobalSection(ExtensibilityGlobals) = postSolution
		SolutionGuid = {AC137D43-C9DA-46AD-AA05-84A1FF5C4DBD}
	EndGlobalSection
EndGlobal
