
Microsoft Visual Studio Solution File, Format Version 12.00
# Visual Studio Version 16
VisualStudioVersion = 16.0.30204.135
MinimumVisualStudioVersion = 10.0.40219.1
Project("{FAE04EC0-301F-11D3-BF4B-00C04F79EFBC}") = "DateTimeFormatacaoString", "DateTimeFormatacaoString\DateTimeFormatacaoString.csproj", "{7E26F586-5A6F-4682-833A-0E89D748782B}"
EndProject
Global
	GlobalSection(SolutionConfigurationPlatforms) = preSolution
		Debug|Any CPU = Debug|Any CPU
		Release|Any CPU = Release|Any CPU
	EndGlobalSection
	GlobalSection(ProjectConfigurationPlatforms) = postSolution
		{7E26F586-5A6F-4682-833A-0E89D748782B}.Debug|Any CPU.ActiveCfg = Debug|Any CPU
		{7E26F586-5A6F-4682-833A-0E89D748782B}.Debug|Any CPU.Build.0 = Debug|Any CPU
		{7E26F586-5A6F-4682-833A-0E89D748782B}.Release|Any CPU.ActiveCfg = Release|Any CPU
		{7E26F586-5A6F-4682-833A-0E89D748782B}.Release|Any CPU.Build.0 = Release|Any CPU
	EndGlobalSection
	GlobalSection(SolutionProperties) = preSolution
		HideSolutionNode = FALSE
	EndGlobalSection
	GlobalSection(ExtensibilityGlobals) = postSolution
		SolutionGuid = {2213FD7C-CB6D-43FE-91A4-BAF5755C12BE}
	EndGlobalSection
EndGlobal
