
Microsoft Visual Studio Solution File, Format Version 12.00
# Visual Studio Version 16
VisualStudioVersion = 16.0.30204.135
MinimumVisualStudioVersion = 10.0.40219.1
Project("{FAE04EC0-301F-11D3-BF4B-00C04F79EFBC}") = "composition3", "composition3\composition3.csproj", "{614ECF37-3E86-4E82-BDCF-091E672C3E47}"
EndProject
Global
	GlobalSection(SolutionConfigurationPlatforms) = preSolution
		Debug|Any CPU = Debug|Any CPU
		Release|Any CPU = Release|Any CPU
	EndGlobalSection
	GlobalSection(ProjectConfigurationPlatforms) = postSolution
		{614ECF37-3E86-4E82-BDCF-091E672C3E47}.Debug|Any CPU.ActiveCfg = Debug|Any CPU
		{614ECF37-3E86-4E82-BDCF-091E672C3E47}.Debug|Any CPU.Build.0 = Debug|Any CPU
		{614ECF37-3E86-4E82-BDCF-091E672C3E47}.Release|Any CPU.ActiveCfg = Release|Any CPU
		{614ECF37-3E86-4E82-BDCF-091E672C3E47}.Release|Any CPU.Build.0 = Release|Any CPU
	EndGlobalSection
	GlobalSection(SolutionProperties) = preSolution
		HideSolutionNode = FALSE
	EndGlobalSection
	GlobalSection(ExtensibilityGlobals) = postSolution
		SolutionGuid = {45C8874C-0FC9-4B62-9581-AADAC0F9F747}
	EndGlobalSection
EndGlobal
