
Microsoft Visual Studio Solution File, Format Version 12.00
# Visual Studio Version 16
VisualStudioVersion = 16.0.30204.135
MinimumVisualStudioVersion = 10.0.40219.1
Project("{FAE04EC0-301F-11D3-BF4B-00C04F79EFBC}") = "DateTimePropriedades", "DateTimePropriedades\DateTimePropriedades.csproj", "{88387BB4-3665-4488-B650-6E0D22913030}"
EndProject
Global
	GlobalSection(SolutionConfigurationPlatforms) = preSolution
		Debug|Any CPU = Debug|Any CPU
		Release|Any CPU = Release|Any CPU
	EndGlobalSection
	GlobalSection(ProjectConfigurationPlatforms) = postSolution
		{88387BB4-3665-4488-B650-6E0D22913030}.Debug|Any CPU.ActiveCfg = Debug|Any CPU
		{88387BB4-3665-4488-B650-6E0D22913030}.Debug|Any CPU.Build.0 = Debug|Any CPU
		{88387BB4-3665-4488-B650-6E0D22913030}.Release|Any CPU.ActiveCfg = Release|Any CPU
		{88387BB4-3665-4488-B650-6E0D22913030}.Release|Any CPU.Build.0 = Release|Any CPU
	EndGlobalSection
	GlobalSection(SolutionProperties) = preSolution
		HideSolutionNode = FALSE
	EndGlobalSection
	GlobalSection(ExtensibilityGlobals) = postSolution
		SolutionGuid = {508EBF6E-5B41-4493-82EF-CFBCC047EEED}
	EndGlobalSection
EndGlobal
