
Microsoft Visual Studio Solution File, Format Version 12.00
# Visual Studio Version 16
VisualStudioVersion = 16.0.30204.135
MinimumVisualStudioVersion = 10.0.40219.1
Project("{FAE04EC0-301F-11D3-BF4B-00C04F79EFBC}") = "Exercicio1", "Exercicio1\Exercicio1.csproj", "{B6BDC3C0-AEEC-41FD-B142-9B0E3149E9F5}"
EndProject
Global
	GlobalSection(SolutionConfigurationPlatforms) = preSolution
		Debug|Any CPU = Debug|Any CPU
		Release|Any CPU = Release|Any CPU
	EndGlobalSection
	GlobalSection(ProjectConfigurationPlatforms) = postSolution
		{B6BDC3C0-AEEC-41FD-B142-9B0E3149E9F5}.Debug|Any CPU.ActiveCfg = Debug|Any CPU
		{B6BDC3C0-AEEC-41FD-B142-9B0E3149E9F5}.Debug|Any CPU.Build.0 = Debug|Any CPU
		{B6BDC3C0-AEEC-41FD-B142-9B0E3149E9F5}.Release|Any CPU.ActiveCfg = Release|Any CPU
		{B6BDC3C0-AEEC-41FD-B142-9B0E3149E9F5}.Release|Any CPU.Build.0 = Release|Any CPU
	EndGlobalSection
	GlobalSection(SolutionProperties) = preSolution
		HideSolutionNode = FALSE
	EndGlobalSection
	GlobalSection(ExtensibilityGlobals) = postSolution
		SolutionGuid = {0607188B-426C-4A42-B07F-D7AB5B39FEED}
	EndGlobalSection
EndGlobal
