
Microsoft Visual Studio Solution File, Format Version 12.00
# Visual Studio Version 16
VisualStudioVersion = 16.0.30204.135
MinimumVisualStudioVersion = 10.0.40219.1
Project("{FAE04EC0-301F-11D3-BF4B-00C04F79EFBC}") = "ExercicioFixacaoMatriz1", "ExercicioFixacaoMatriz1\ExercicioFixacaoMatriz1.csproj", "{D4E5E8E4-33DB-488B-8C35-16ED3415570E}"
EndProject
Global
	GlobalSection(SolutionConfigurationPlatforms) = preSolution
		Debug|Any CPU = Debug|Any CPU
		Release|Any CPU = Release|Any CPU
	EndGlobalSection
	GlobalSection(ProjectConfigurationPlatforms) = postSolution
		{D4E5E8E4-33DB-488B-8C35-16ED3415570E}.Debug|Any CPU.ActiveCfg = Debug|Any CPU
		{D4E5E8E4-33DB-488B-8C35-16ED3415570E}.Debug|Any CPU.Build.0 = Debug|Any CPU
		{D4E5E8E4-33DB-488B-8C35-16ED3415570E}.Release|Any CPU.ActiveCfg = Release|Any CPU
		{D4E5E8E4-33DB-488B-8C35-16ED3415570E}.Release|Any CPU.Build.0 = Release|Any CPU
	EndGlobalSection
	GlobalSection(SolutionProperties) = preSolution
		HideSolutionNode = FALSE
	EndGlobalSection
	GlobalSection(ExtensibilityGlobals) = postSolution
		SolutionGuid = {FC790D23-F231-4A66-87D5-C5841F6F45F3}
	EndGlobalSection
EndGlobal
